// !$*UTF8*$!
{
	archiveVersion = 1;
	classes = {
	};
	objectVersion = 50;
	objects = {

/* Begin PBXBuildFile section */
		A91B9AC8224BA40400538666 /* Main.storyboard in Resources */ = {isa = PBXBuildFile; fileRef = A91B9AC6224BA40400538666 /* Main.storyboard */; };
		A91B9ACD224BA40500538666 /* LaunchScreen.storyboard in Resources */ = {isa = PBXBuildFile; fileRef = A91B9ACB224BA40500538666 /* LaunchScreen.storyboard */; };
		A91B9AD0224BA40500538666 /* main.m in Sources */ = {isa = PBXBuildFile; fileRef = A91B9ACF224BA40500538666 /* main.m */; };
		A91B9B0B224BA77100538666 /* UIView+Extended.m in Sources */ = {isa = PBXBuildFile; fileRef = A91B9AF0224BA77100538666 /* UIView+Extended.m */; };
		A91B9B0C224BA77100538666 /* UIViewController+MTAlertView.m in Sources */ = {isa = PBXBuildFile; fileRef = A91B9AF1224BA77100538666 /* UIViewController+MTAlertView.m */; };
		A91B9B0D224BA77100538666 /* UITextView+Placeholder.m in Sources */ = {isa = PBXBuildFile; fileRef = A91B9AF2224BA77100538666 /* UITextView+Placeholder.m */; };
		A91B9B0E224BA77100538666 /* UIColor+Hex.m in Sources */ = {isa = PBXBuildFile; fileRef = A91B9AF3224BA77100538666 /* UIColor+Hex.m */; };
		A91B9B0F224BA77100538666 /* UIButton+Category.m in Sources */ = {isa = PBXBuildFile; fileRef = A91B9AF4224BA77100538666 /* UIButton+Category.m */; };
		A91B9B10224BA77100538666 /* NSObject+MJParse.m in Sources */ = {isa = PBXBuildFile; fileRef = A91B9AF6224BA77100538666 /* NSObject+MJParse.m */; };
		A91B9B11224BA77100538666 /* NSString+Category.m in Sources */ = {isa = PBXBuildFile; fileRef = A91B9AF7224BA77100538666 /* NSString+Category.m */; };
		A91B9B12224BA77100538666 /* UIBarButtonItem+HJExtension.m in Sources */ = {isa = PBXBuildFile; fileRef = A91B9AFE224BA77100538666 /* UIBarButtonItem+HJExtension.m */; };
		A91B9B13224BA77100538666 /* MAITIANSessionManager.m in Sources */ = {isa = PBXBuildFile; fileRef = A91B9B00224BA77100538666 /* MAITIANSessionManager.m */; };
		A91B9B14224BA77100538666 /* AppSetting.m in Sources */ = {isa = PBXBuildFile; fileRef = A91B9B04224BA77100538666 /* AppSetting.m */; };
		A91B9B15224BA77100538666 /* AppDelegate.m in Sources */ = {isa = PBXBuildFile; fileRef = A91B9B06224BA77100538666 /* AppDelegate.m */; };
		A9666994224BAD9E00BEE0C8 /* Assets.xcassets in Resources */ = {isa = PBXBuildFile; fileRef = A9666993224BAD9E00BEE0C8 /* Assets.xcassets */; };
		A99713CF2250F6F500848CD8 /* Home.json in Resources */ = {isa = PBXBuildFile; fileRef = A99713CE2250F6F500848CD8 /* Home.json */; };
		A99713D222510C3B00848CD8 /* DataModel.m in Sources */ = {isa = PBXBuildFile; fileRef = A99713D122510C3B00848CD8 /* DataModel.m */; };
		A99713DB22510C4900848CD8 /* TableViewModel.m in Sources */ = {isa = PBXBuildFile; fileRef = A99713D422510C4900848CD8 /* TableViewModel.m */; };
		A99713DC22510C4900848CD8 /* TableViewDataSource.m in Sources */ = {isa = PBXBuildFile; fileRef = A99713D922510C4900848CD8 /* TableViewDataSource.m */; };
		A99713DD22510C4900848CD8 /* TableViewDelegate.m in Sources */ = {isa = PBXBuildFile; fileRef = A99713DA22510C4900848CD8 /* TableViewDelegate.m */; };
		A99713E022510D1500848CD8 /* UIViewController+Extended.m in Sources */ = {isa = PBXBuildFile; fileRef = A99713DF22510D1500848CD8 /* UIViewController+Extended.m */; };
		A99713E422510DA700848CD8 /* HomeCell.m in Sources */ = {isa = PBXBuildFile; fileRef = A99713E222510DA700848CD8 /* HomeCell.m */; };
		A99713E522510DA700848CD8 /* HomeCell.xib in Resources */ = {isa = PBXBuildFile; fileRef = A99713E322510DA700848CD8 /* HomeCell.xib */; };
		A99713EF22511A9700848CD8 /* TabHeadView.m in Sources */ = {isa = PBXBuildFile; fileRef = A99713EE22511A9700848CD8 /* TabHeadView.m */; };
		A99713F122511AA800848CD8 /* TabHeadView.xib in Resources */ = {isa = PBXBuildFile; fileRef = A99713F022511AA800848CD8 /* TabHeadView.xib */; };
		A9F0097E224BCF180047CFFD /* MainVCSettings.json in Resources */ = {isa = PBXBuildFile; fileRef = A9F0097D224BCF180047CFFD /* MainVCSettings.json */; };
		A9F00981224BCF540047CFFD /* HomeController.m in Sources */ = {isa = PBXBuildFile; fileRef = A9F00980224BCF540047CFFD /* HomeController.m */; };
		A9F00984224BCF640047CFFD /* DiscoveryController.m in Sources */ = {isa = PBXBuildFile; fileRef = A9F00983224BCF640047CFFD /* DiscoveryController.m */; };
		A9F00987224BCF750047CFFD /* EssayController.m in Sources */ = {isa = PBXBuildFile; fileRef = A9F00986224BCF750047CFFD /* EssayController.m */; };
		A9F0098A224BCF8D0047CFFD /* MyController.m in Sources */ = {isa = PBXBuildFile; fileRef = A9F00989224BCF8D0047CFFD /* MyController.m */; };
		A9F00991224BD1060047CFFD /* LifeTabBarController.m in Sources */ = {isa = PBXBuildFile; fileRef = A9F00990224BD1060047CFFD /* LifeTabBarController.m */; };
		A9F00994224BD1320047CFFD /* LifeNavController.m in Sources */ = {isa = PBXBuildFile; fileRef = A9F00993224BD1320047CFFD /* LifeNavController.m */; };
		A9F00999224BD1BE0047CFFD /* VCModel.m in Sources */ = {isa = PBXBuildFile; fileRef = A9F00998224BD1BE0047CFFD /* VCModel.m */; };
		A9F0099C224BD23C0047CFFD /* LifeConst.m in Sources */ = {isa = PBXBuildFile; fileRef = A9F0099B224BD23C0047CFFD /* LifeConst.m */; };
		A9F009A0224BE3080047CFFD /* Stubs.m in Sources */ = {isa = PBXBuildFile; fileRef = A9F0099F224BE3080047CFFD /* Stubs.m */; };
/* End PBXBuildFile section */

/* Begin PBXFileReference section */
		6EC34467FCC3AC6C5DC2C583 /* Pods-Life.debug.xcconfig */ = {isa = PBXFileReference; includeInIndex = 1; lastKnownFileType = text.xcconfig; name = "Pods-Life.debug.xcconfig"; path = "Pods/Target Support Files/Pods-Life/Pods-Life.debug.xcconfig"; sourceTree = "<group>"; };
		703AAC5B52A163DBF85111FA /* Pods-Life.release.xcconfig */ = {isa = PBXFileReference; includeInIndex = 1; lastKnownFileType = text.xcconfig; name = "Pods-Life.release.xcconfig"; path = "Pods/Target Support Files/Pods-Life/Pods-Life.release.xcconfig"; sourceTree = "<group>"; };
		A91B9ABD224BA40400538666 /* Life.app */ = {isa = PBXFileReference; explicitFileType = wrapper.application; includeInIndex = 0; path = Life.app; sourceTree = BUILT_PRODUCTS_DIR; };
		A91B9AC7224BA40400538666 /* Base */ = {isa = PBXFileReference; lastKnownFileType = file.storyboard; name = Base; path = Base.lproj/Main.storyboard; sourceTree = "<group>"; };
		A91B9ACC224BA40500538666 /* Base */ = {isa = PBXFileReference; lastKnownFileType = file.storyboard; name = Base; path = Base.lproj/LaunchScreen.storyboard; sourceTree = "<group>"; };
		A91B9ACE224BA40500538666 /* Info.plist */ = {isa = PBXFileReference; lastKnownFileType = text.plist.xml; path = Info.plist; sourceTree = "<group>"; };
		A91B9ACF224BA40500538666 /* main.m */ = {isa = PBXFileReference; lastKnownFileType = sourcecode.c.objc; path = main.m; sourceTree = "<group>"; };
		A91B9AEF224BA77100538666 /* NSString+Category.h */ = {isa = PBXFileReference; fileEncoding = 4; lastKnownFileType = sourcecode.c.h; path = "NSString+Category.h"; sourceTree = "<group>"; };
		A91B9AF0224BA77100538666 /* UIView+Extended.m */ = {isa = PBXFileReference; fileEncoding = 4; lastKnownFileType = sourcecode.c.objc; path = "UIView+Extended.m"; sourceTree = "<group>"; };
		A91B9AF1224BA77100538666 /* UIViewController+MTAlertView.m */ = {isa = PBXFileReference; fileEncoding = 4; lastKnownFileType = sourcecode.c.objc; path = "UIViewController+MTAlertView.m"; sourceTree = "<group>"; };
		A91B9AF2224BA77100538666 /* UITextView+Placeholder.m */ = {isa = PBXFileReference; fileEncoding = 4; lastKnownFileType = sourcecode.c.objc; path = "UITextView+Placeholder.m"; sourceTree = "<group>"; };
		A91B9AF3224BA77100538666 /* UIColor+Hex.m */ = {isa = PBXFileReference; fileEncoding = 4; lastKnownFileType = sourcecode.c.objc; path = "UIColor+Hex.m"; sourceTree = "<group>"; };
		A91B9AF4224BA77100538666 /* UIButton+Category.m */ = {isa = PBXFileReference; fileEncoding = 4; lastKnownFileType = sourcecode.c.objc; path = "UIButton+Category.m"; sourceTree = "<group>"; };
		A91B9AF5224BA77100538666 /* UIBarButtonItem+HJExtension.h */ = {isa = PBXFileReference; fileEncoding = 4; lastKnownFileType = sourcecode.c.h; path = "UIBarButtonItem+HJExtension.h"; sourceTree = "<group>"; };
		A91B9AF6224BA77100538666 /* NSObject+MJParse.m */ = {isa = PBXFileReference; fileEncoding = 4; lastKnownFileType = sourcecode.c.objc; path = "NSObject+MJParse.m"; sourceTree = "<group>"; };
		A91B9AF7224BA77100538666 /* NSString+Category.m */ = {isa = PBXFileReference; fileEncoding = 4; lastKnownFileType = sourcecode.c.objc; path = "NSString+Category.m"; sourceTree = "<group>"; };
		A91B9AF8224BA77100538666 /* UIColor+Hex.h */ = {isa = PBXFileReference; fileEncoding = 4; lastKnownFileType = sourcecode.c.h; path = "UIColor+Hex.h"; sourceTree = "<group>"; };
		A91B9AF9224BA77100538666 /* UITextView+Placeholder.h */ = {isa = PBXFileReference; fileEncoding = 4; lastKnownFileType = sourcecode.c.h; path = "UITextView+Placeholder.h"; sourceTree = "<group>"; };
		A91B9AFA224BA77100538666 /* UIViewController+MTAlertView.h */ = {isa = PBXFileReference; fileEncoding = 4; lastKnownFileType = sourcecode.c.h; path = "UIViewController+MTAlertView.h"; sourceTree = "<group>"; };
		A91B9AFB224BA77100538666 /* UIView+Extended.h */ = {isa = PBXFileReference; fileEncoding = 4; lastKnownFileType = sourcecode.c.h; path = "UIView+Extended.h"; sourceTree = "<group>"; };
		A91B9AFC224BA77100538666 /* UIButton+Category.h */ = {isa = PBXFileReference; fileEncoding = 4; lastKnownFileType = sourcecode.c.h; path = "UIButton+Category.h"; sourceTree = "<group>"; };
		A91B9AFD224BA77100538666 /* NSObject+MJParse.h */ = {isa = PBXFileReference; fileEncoding = 4; lastKnownFileType = sourcecode.c.h; path = "NSObject+MJParse.h"; sourceTree = "<group>"; };
		A91B9AFE224BA77100538666 /* UIBarButtonItem+HJExtension.m */ = {isa = PBXFileReference; fileEncoding = 4; lastKnownFileType = sourcecode.c.objc; path = "UIBarButtonItem+HJExtension.m"; sourceTree = "<group>"; };
		A91B9B00224BA77100538666 /* MAITIANSessionManager.m */ = {isa = PBXFileReference; fileEncoding = 4; lastKnownFileType = sourcecode.c.objc; path = MAITIANSessionManager.m; sourceTree = "<group>"; };
		A91B9B01224BA77100538666 /* MAITIANSessionManager.h */ = {isa = PBXFileReference; fileEncoding = 4; lastKnownFileType = sourcecode.c.h; path = MAITIANSessionManager.h; sourceTree = "<group>"; };
		A91B9B03224BA77100538666 /* AppDelegate.h */ = {isa = PBXFileReference; fileEncoding = 4; lastKnownFileType = sourcecode.c.h; path = AppDelegate.h; sourceTree = "<group>"; };
		A91B9B04224BA77100538666 /* AppSetting.m */ = {isa = PBXFileReference; fileEncoding = 4; lastKnownFileType = sourcecode.c.objc; path = AppSetting.m; sourceTree = "<group>"; };
		A91B9B05224BA77100538666 /* AppSetting.h */ = {isa = PBXFileReference; fileEncoding = 4; lastKnownFileType = sourcecode.c.h; path = AppSetting.h; sourceTree = "<group>"; };
		A91B9B06224BA77100538666 /* AppDelegate.m */ = {isa = PBXFileReference; fileEncoding = 4; lastKnownFileType = sourcecode.c.objc; path = AppDelegate.m; sourceTree = "<group>"; };
		A966698F224BA89E00BEE0C8 /* PrefixHeader.pch */ = {isa = PBXFileReference; lastKnownFileType = sourcecode.c.h; path = PrefixHeader.pch; sourceTree = "<group>"; };
		A9666993224BAD9E00BEE0C8 /* Assets.xcassets */ = {isa = PBXFileReference; lastKnownFileType = folder.assetcatalog; path = Assets.xcassets; sourceTree = "<group>"; };
		A99713CE2250F6F500848CD8 /* Home.json */ = {isa = PBXFileReference; lastKnownFileType = text.json; path = Home.json; sourceTree = "<group>"; };
		A99713D022510C3A00848CD8 /* DataModel.h */ = {isa = PBXFileReference; fileEncoding = 4; lastKnownFileType = sourcecode.c.h; path = DataModel.h; sourceTree = "<group>"; };
		A99713D122510C3B00848CD8 /* DataModel.m */ = {isa = PBXFileReference; fileEncoding = 4; lastKnownFileType = sourcecode.c.objc; path = DataModel.m; sourceTree = "<group>"; };
		A99713D422510C4900848CD8 /* TableViewModel.m */ = {isa = PBXFileReference; fileEncoding = 4; lastKnownFileType = sourcecode.c.objc; path = TableViewModel.m; sourceTree = "<group>"; };
		A99713D522510C4900848CD8 /* TableViewModel.h */ = {isa = PBXFileReference; fileEncoding = 4; lastKnownFileType = sourcecode.c.h; path = TableViewModel.h; sourceTree = "<group>"; };
		A99713D722510C4900848CD8 /* TableViewDelegate.h */ = {isa = PBXFileReference; fileEncoding = 4; lastKnownFileType = sourcecode.c.h; path = TableViewDelegate.h; sourceTree = "<group>"; };
		A99713D822510C4900848CD8 /* TableViewDataSource.h */ = {isa = PBXFileReference; fileEncoding = 4; lastKnownFileType = sourcecode.c.h; path = TableViewDataSource.h; sourceTree = "<group>"; };
		A99713D922510C4900848CD8 /* TableViewDataSource.m */ = {isa = PBXFileReference; fileEncoding = 4; lastKnownFileType = sourcecode.c.objc; path = TableViewDataSource.m; sourceTree = "<group>"; };
		A99713DA22510C4900848CD8 /* TableViewDelegate.m */ = {isa = PBXFileReference; fileEncoding = 4; lastKnownFileType = sourcecode.c.objc; path = TableViewDelegate.m; sourceTree = "<group>"; };
		A99713DE22510D1500848CD8 /* UIViewController+Extended.h */ = {isa = PBXFileReference; lastKnownFileType = sourcecode.c.h; path = "UIViewController+Extended.h"; sourceTree = "<group>"; };
		A99713DF22510D1500848CD8 /* UIViewController+Extended.m */ = {isa = PBXFileReference; lastKnownFileType = sourcecode.c.objc; path = "UIViewController+Extended.m"; sourceTree = "<group>"; };
		A99713E122510DA700848CD8 /* HomeCell.h */ = {isa = PBXFileReference; lastKnownFileType = sourcecode.c.h; path = HomeCell.h; sourceTree = "<group>"; };
		A99713E222510DA700848CD8 /* HomeCell.m */ = {isa = PBXFileReference; lastKnownFileType = sourcecode.c.objc; path = HomeCell.m; sourceTree = "<group>"; };
		A99713E322510DA700848CD8 /* HomeCell.xib */ = {isa = PBXFileReference; lastKnownFileType = file.xib; path = HomeCell.xib; sourceTree = "<group>"; };
		A99713ED22511A9700848CD8 /* TabHeadView.h */ = {isa = PBXFileReference; lastKnownFileType = sourcecode.c.h; path = TabHeadView.h; sourceTree = "<group>"; };
		A99713EE22511A9700848CD8 /* TabHeadView.m */ = {isa = PBXFileReference; lastKnownFileType = sourcecode.c.objc; path = TabHeadView.m; sourceTree = "<group>"; };
		A99713F022511AA800848CD8 /* TabHeadView.xib */ = {isa = PBXFileReference; lastKnownFileType = file.xib; path = TabHeadView.xib; sourceTree = "<group>"; };
		A99713F222511DC500848CD8 /* Header.h */ = {isa = PBXFileReference; lastKnownFileType = sourcecode.c.h; path = Header.h; sourceTree = "<group>"; };
		A9F0097D224BCF180047CFFD /* MainVCSettings.json */ = {isa = PBXFileReference; lastKnownFileType = text.json; path = MainVCSettings.json; sourceTree = "<group>"; };
		A9F0097F224BCF540047CFFD /* HomeController.h */ = {isa = PBXFileReference; lastKnownFileType = sourcecode.c.h; path = HomeController.h; sourceTree = "<group>"; };
		A9F00980224BCF540047CFFD /* HomeController.m */ = {isa = PBXFileReference; lastKnownFileType = sourcecode.c.objc; path = HomeController.m; sourceTree = "<group>"; };
		A9F00982224BCF640047CFFD /* DiscoveryController.h */ = {isa = PBXFileReference; lastKnownFileType = sourcecode.c.h; path = DiscoveryController.h; sourceTree = "<group>"; };
		A9F00983224BCF640047CFFD /* DiscoveryController.m */ = {isa = PBXFileReference; lastKnownFileType = sourcecode.c.objc; path = DiscoveryController.m; sourceTree = "<group>"; };
		A9F00985224BCF750047CFFD /* EssayController.h */ = {isa = PBXFileReference; lastKnownFileType = sourcecode.c.h; path = EssayController.h; sourceTree = "<group>"; };
		A9F00986224BCF750047CFFD /* EssayController.m */ = {isa = PBXFileReference; lastKnownFileType = sourcecode.c.objc; path = EssayController.m; sourceTree = "<group>"; };
		A9F00988224BCF8D0047CFFD /* MyController.h */ = {isa = PBXFileReference; lastKnownFileType = sourcecode.c.h; path = MyController.h; sourceTree = "<group>"; };
		A9F00989224BCF8D0047CFFD /* MyController.m */ = {isa = PBXFileReference; lastKnownFileType = sourcecode.c.objc; path = MyController.m; sourceTree = "<group>"; };
		A9F0098F224BD1060047CFFD /* LifeTabBarController.h */ = {isa = PBXFileReference; lastKnownFileType = sourcecode.c.h; path = LifeTabBarController.h; sourceTree = "<group>"; };
		A9F00990224BD1060047CFFD /* LifeTabBarController.m */ = {isa = PBXFileReference; lastKnownFileType = sourcecode.c.objc; path = LifeTabBarController.m; sourceTree = "<group>"; };
		A9F00992224BD1320047CFFD /* LifeNavController.h */ = {isa = PBXFileReference; lastKnownFileType = sourcecode.c.h; path = LifeNavController.h; sourceTree = "<group>"; };
		A9F00993224BD1320047CFFD /* LifeNavController.m */ = {isa = PBXFileReference; lastKnownFileType = sourcecode.c.objc; path = LifeNavController.m; sourceTree = "<group>"; };
		A9F00997224BD1BE0047CFFD /* VCModel.h */ = {isa = PBXFileReference; lastKnownFileType = sourcecode.c.h; path = VCModel.h; sourceTree = "<group>"; };
		A9F00998224BD1BE0047CFFD /* VCModel.m */ = {isa = PBXFileReference; lastKnownFileType = sourcecode.c.objc; path = VCModel.m; sourceTree = "<group>"; };
		A9F0099A224BD23C0047CFFD /* LifeConst.h */ = {isa = PBXFileReference; lastKnownFileType = sourcecode.c.h; path = LifeConst.h; sourceTree = "<group>"; };
		A9F0099B224BD23C0047CFFD /* LifeConst.m */ = {isa = PBXFileReference; lastKnownFileType = sourcecode.c.objc; path = LifeConst.m; sourceTree = "<group>"; };
		A9F0099E224BE3080047CFFD /* Stubs.h */ = {isa = PBXFileReference; lastKnownFileType = sourcecode.c.h; path = Stubs.h; sourceTree = "<group>"; };
		A9F0099F224BE3080047CFFD /* Stubs.m */ = {isa = PBXFileReference; lastKnownFileType = sourcecode.c.objc; path = Stubs.m; sourceTree = "<group>"; };
/* End PBXFileReference section */

/* Begin PBXFrameworksBuildPhase section */
		A91B9ABA224BA40400538666 /* Frameworks */ = {
			isa = PBXFrameworksBuildPhase;
			buildActionMask = 2147483647;
			files = (
			);
			runOnlyForDeploymentPostprocessing = 0;
		};
/* End PBXFrameworksBuildPhase section */

/* Begin PBXGroup section */
		15851DD4B746879DC56E3B6F /* Pods */ = {
			isa = PBXGroup;
			children = (
				6EC34467FCC3AC6C5DC2C583 /* Pods-Life.debug.xcconfig */,
				703AAC5B52A163DBF85111FA /* Pods-Life.release.xcconfig */,
			);
			name = Pods;
			sourceTree = "<group>";
		};
		A91B9AB4224BA40400538666 = {
			isa = PBXGroup;
			children = (
				A91B9ABF224BA40400538666 /* Life */,
				A91B9ABE224BA40400538666 /* Products */,
				15851DD4B746879DC56E3B6F /* Pods */,
				E1080E41730B14C136177086 /* Frameworks */,
			);
			sourceTree = "<group>";
		};
		A91B9ABE224BA40400538666 /* Products */ = {
			isa = PBXGroup;
			children = (
				A91B9ABD224BA40400538666 /* Life.app */,
			);
			name = Products;
			sourceTree = "<group>";
		};
		A91B9ABF224BA40400538666 /* Life */ = {
			isa = PBXGroup;
			children = (
				A91B9AD6224BA53D00538666 /* Classes */,
				A9666992224BAD7600BEE0C8 /* Supporting Files */,
			);
			path = Life;
			sourceTree = "<group>";
		};
		A91B9AD6224BA53D00538666 /* Classes */ = {
			isa = PBXGroup;
			children = (
				A91B9AE5224BA77100538666 /* Home */,
				A91B9B07224BA77100538666 /* Discovery */,
				A91B9AE9224BA77100538666 /* Essay */,
				A91B9AE1224BA77100538666 /* My */,
				A91B9AED224BA77100538666 /* Other */,
			);
			path = Classes;
			sourceTree = "<group>";
		};
		A91B9AE1224BA77100538666 /* My */ = {
			isa = PBXGroup;
			children = (
				A91B9AE2224BA77100538666 /* Controller */,
				A91B9AE3224BA77100538666 /* Model */,
				A91B9AE4224BA77100538666 /* View */,
			);
			path = My;
			sourceTree = "<group>";
		};
		A91B9AE2224BA77100538666 /* Controller */ = {
			isa = PBXGroup;
			children = (
				A9F00988224BCF8D0047CFFD /* MyController.h */,
				A9F00989224BCF8D0047CFFD /* MyController.m */,
			);
			path = Controller;
			sourceTree = "<group>";
		};
		A91B9AE3224BA77100538666 /* Model */ = {
			isa = PBXGroup;
			children = (
			);
			path = Model;
			sourceTree = "<group>";
		};
		A91B9AE4224BA77100538666 /* View */ = {
			isa = PBXGroup;
			children = (
			);
			path = View;
			sourceTree = "<group>";
		};
		A91B9AE5224BA77100538666 /* Home */ = {
			isa = PBXGroup;
			children = (
				A91B9AE6224BA77100538666 /* Controller */,
				A99713D622510C4900848CD8 /* TableViewProtocol */,
				A99713D322510C4900848CD8 /* ViewModel */,
				A91B9AE7224BA77100538666 /* Model */,
				A91B9AE8224BA77100538666 /* View */,
			);
			path = Home;
			sourceTree = "<group>";
		};
		A91B9AE6224BA77100538666 /* Controller */ = {
			isa = PBXGroup;
			children = (
				A9F0097F224BCF540047CFFD /* HomeController.h */,
				A9F00980224BCF540047CFFD /* HomeController.m */,
			);
			path = Controller;
			sourceTree = "<group>";
		};
		A91B9AE7224BA77100538666 /* Model */ = {
			isa = PBXGroup;
			children = (
				A99713D022510C3A00848CD8 /* DataModel.h */,
				A99713D122510C3B00848CD8 /* DataModel.m */,
			);
			path = Model;
			sourceTree = "<group>";
		};
		A91B9AE8224BA77100538666 /* View */ = {
			isa = PBXGroup;
			children = (
				A99713E122510DA700848CD8 /* HomeCell.h */,
				A99713E222510DA700848CD8 /* HomeCell.m */,
				A99713E322510DA700848CD8 /* HomeCell.xib */,
				A99713ED22511A9700848CD8 /* TabHeadView.h */,
				A99713EE22511A9700848CD8 /* TabHeadView.m */,
				A99713F022511AA800848CD8 /* TabHeadView.xib */,
			);
			path = View;
			sourceTree = "<group>";
		};
		A91B9AE9224BA77100538666 /* Essay */ = {
			isa = PBXGroup;
			children = (
				A91B9AEA224BA77100538666 /* Controller */,
				A91B9AEB224BA77100538666 /* Model */,
				A91B9AEC224BA77100538666 /* View */,
			);
			path = Essay;
			sourceTree = "<group>";
		};
		A91B9AEA224BA77100538666 /* Controller */ = {
			isa = PBXGroup;
			children = (
				A9F00985224BCF750047CFFD /* EssayController.h */,
				A9F00986224BCF750047CFFD /* EssayController.m */,
			);
			path = Controller;
			sourceTree = "<group>";
		};
		A91B9AEB224BA77100538666 /* Model */ = {
			isa = PBXGroup;
			children = (
			);
			path = Model;
			sourceTree = "<group>";
		};
		A91B9AEC224BA77100538666 /* View */ = {
			isa = PBXGroup;
			children = (
			);
			path = View;
			sourceTree = "<group>";
		};
		A91B9AED224BA77100538666 /* Other */ = {
			isa = PBXGroup;
			children = (
				A9F0099D224BE2D40047CFFD /* Stubs */,
				A9F0098B224BD0BA0047CFFD /* Controller */,
				A9F00979224BCE8F0047CFFD /* Resource */,
				A91B9AEE224BA77100538666 /* Category */,
				A91B9AFF224BA77100538666 /* AppTool */,
				A91B9B02224BA77100538666 /* AppConfig */,
			);
			path = Other;
			sourceTree = "<group>";
		};
		A91B9AEE224BA77100538666 /* Category */ = {
			isa = PBXGroup;
			children = (
				A91B9AEF224BA77100538666 /* NSString+Category.h */,
				A91B9AF7224BA77100538666 /* NSString+Category.m */,
				A91B9AFB224BA77100538666 /* UIView+Extended.h */,
				A91B9AF0224BA77100538666 /* UIView+Extended.m */,
				A91B9AFA224BA77100538666 /* UIViewController+MTAlertView.h */,
				A91B9AF1224BA77100538666 /* UIViewController+MTAlertView.m */,
				A91B9AF9224BA77100538666 /* UITextView+Placeholder.h */,
				A91B9AF2224BA77100538666 /* UITextView+Placeholder.m */,
				A91B9AF8224BA77100538666 /* UIColor+Hex.h */,
				A91B9AF3224BA77100538666 /* UIColor+Hex.m */,
				A91B9AFC224BA77100538666 /* UIButton+Category.h */,
				A91B9AF4224BA77100538666 /* UIButton+Category.m */,
				A91B9AF5224BA77100538666 /* UIBarButtonItem+HJExtension.h */,
				A91B9AFE224BA77100538666 /* UIBarButtonItem+HJExtension.m */,
				A91B9AFD224BA77100538666 /* NSObject+MJParse.h */,
				A91B9AF6224BA77100538666 /* NSObject+MJParse.m */,
				A99713DE22510D1500848CD8 /* UIViewController+Extended.h */,
				A99713DF22510D1500848CD8 /* UIViewController+Extended.m */,
			);
			path = Category;
			sourceTree = "<group>";
		};
		A91B9AFF224BA77100538666 /* AppTool */ = {
			isa = PBXGroup;
			children = (
				A91B9B01224BA77100538666 /* MAITIANSessionManager.h */,
				A91B9B00224BA77100538666 /* MAITIANSessionManager.m */,
			);
			path = AppTool;
			sourceTree = "<group>";
		};
		A91B9B02224BA77100538666 /* AppConfig */ = {
			isa = PBXGroup;
			children = (
				A9F0099A224BD23C0047CFFD /* LifeConst.h */,
				A9F0099B224BD23C0047CFFD /* LifeConst.m */,
				A91B9B03224BA77100538666 /* AppDelegate.h */,
				A91B9B06224BA77100538666 /* AppDelegate.m */,
				A91B9B05224BA77100538666 /* AppSetting.h */,
				A91B9B04224BA77100538666 /* AppSetting.m */,
				A966698F224BA89E00BEE0C8 /* PrefixHeader.pch */,
				A99713F222511DC500848CD8 /* Header.h */,
			);
			path = AppConfig;
			sourceTree = "<group>";
		};
		A91B9B07224BA77100538666 /* Discovery */ = {
			isa = PBXGroup;
			children = (
				A91B9B08224BA77100538666 /* Controller */,
				A91B9B09224BA77100538666 /* Model */,
				A91B9B0A224BA77100538666 /* View */,
			);
			path = Discovery;
			sourceTree = "<group>";
		};
		A91B9B08224BA77100538666 /* Controller */ = {
			isa = PBXGroup;
			children = (
				A9F00982224BCF640047CFFD /* DiscoveryController.h */,
				A9F00983224BCF640047CFFD /* DiscoveryController.m */,
			);
			path = Controller;
			sourceTree = "<group>";
		};
		A91B9B09224BA77100538666 /* Model */ = {
			isa = PBXGroup;
			children = (
			);
			path = Model;
			sourceTree = "<group>";
		};
		A91B9B0A224BA77100538666 /* View */ = {
			isa = PBXGroup;
			children = (
			);
			path = View;
			sourceTree = "<group>";
		};
		A9666992224BAD7600BEE0C8 /* Supporting Files */ = {
			isa = PBXGroup;
			children = (
				A9666993224BAD9E00BEE0C8 /* Assets.xcassets */,
				A91B9AC6224BA40400538666 /* Main.storyboard */,
				A91B9ACB224BA40500538666 /* LaunchScreen.storyboard */,
				A91B9ACF224BA40500538666 /* main.m */,
				A91B9ACE224BA40500538666 /* Info.plist */,
			);
			path = "Supporting Files";
			sourceTree = "<group>";
		};
		A99713D322510C4900848CD8 /* ViewModel */ = {
			isa = PBXGroup;
			children = (
				A99713D522510C4900848CD8 /* TableViewModel.h */,
				A99713D422510C4900848CD8 /* TableViewModel.m */,
			);
			path = ViewModel;
			sourceTree = "<group>";
		};
		A99713D622510C4900848CD8 /* TableViewProtocol */ = {
			isa = PBXGroup;
			children = (
				A99713D722510C4900848CD8 /* TableViewDelegate.h */,
				A99713DA22510C4900848CD8 /* TableViewDelegate.m */,
				A99713D822510C4900848CD8 /* TableViewDataSource.h */,
				A99713D922510C4900848CD8 /* TableViewDataSource.m */,
			);
			path = TableViewProtocol;
			sourceTree = "<group>";
		};
		A9F00979224BCE8F0047CFFD /* Resource */ = {
			isa = PBXGroup;
			children = (
				A9F0097D224BCF180047CFFD /* MainVCSettings.json */,
			);
			path = Resource;
			sourceTree = "<group>";
		};
		A9F0098B224BD0BA0047CFFD /* Controller */ = {
			isa = PBXGroup;
			children = (
				A9F00996224BD19D0047CFFD /* VCModel */,
				A9F0098F224BD1060047CFFD /* LifeTabBarController.h */,
				A9F00990224BD1060047CFFD /* LifeTabBarController.m */,
				A9F00992224BD1320047CFFD /* LifeNavController.h */,
				A9F00993224BD1320047CFFD /* LifeNavController.m */,
			);
			path = Controller;
			sourceTree = "<group>";
		};
		A9F00996224BD19D0047CFFD /* VCModel */ = {
			isa = PBXGroup;
			children = (
				A9F00997224BD1BE0047CFFD /* VCModel.h */,
				A9F00998224BD1BE0047CFFD /* VCModel.m */,
			);
			path = VCModel;
			sourceTree = "<group>";
		};
		A9F0099D224BE2D40047CFFD /* Stubs */ = {
			isa = PBXGroup;
			children = (
				A9F009A1224BEAC20047CFFD /* MockData */,
				A9F0099E224BE3080047CFFD /* Stubs.h */,
				A9F0099F224BE3080047CFFD /* Stubs.m */,
			);
			path = Stubs;
			sourceTree = "<group>";
		};
		A9F009A1224BEAC20047CFFD /* MockData */ = {
			isa = PBXGroup;
			children = (
				A99713CE2250F6F500848CD8 /* Home.json */,
			);
			path = MockData;
			sourceTree = "<group>";
		};
		E1080E41730B14C136177086 /* Frameworks */ = {
			isa = PBXGroup;
			children = (
			);
			name = Frameworks;
			sourceTree = "<group>";
		};
/* End PBXGroup section */

/* Begin PBXNativeTarget section */
		A91B9ABC224BA40400538666 /* Life */ = {
			isa = PBXNativeTarget;
			buildConfigurationList = A91B9AD3224BA40500538666 /* Build configuration list for PBXNativeTarget "Life" */;
			buildPhases = (
				0C26775A574B1038407CEBCE /* [CP] Check Pods Manifest.lock */,
				A91B9AB9224BA40400538666 /* Sources */,
				A91B9ABA224BA40400538666 /* Frameworks */,
				A91B9ABB224BA40400538666 /* Resources */,
				E7835E5C247D899856098DA5 /* [CP] Copy Pods Resources */,
			);
			buildRules = (
			);
			dependencies = (
			);
			name = Life;
			productName = Llife;
			productReference = A91B9ABD224BA40400538666 /* Life.app */;
			productType = "com.apple.product-type.application";
		};
/* End PBXNativeTarget section */

/* Begin PBXProject section */
		A91B9AB5224BA40400538666 /* Project object */ = {
			isa = PBXProject;
			attributes = {
				LastUpgradeCheck = 1010;
				ORGANIZATIONNAME = jie.huang;
				TargetAttributes = {
					A91B9ABC224BA40400538666 = {
						CreatedOnToolsVersion = 10.1;
					};
				};
			};
			buildConfigurationList = A91B9AB8224BA40400538666 /* Build configuration list for PBXProject "Life" */;
			compatibilityVersion = "Xcode 9.3";
			developmentRegion = en;
			hasScannedForEncodings = 0;
			knownRegions = (
				en,
				Base,
			);
			mainGroup = A91B9AB4224BA40400538666;
			productRefGroup = A91B9ABE224BA40400538666 /* Products */;
			projectDirPath = "";
			projectRoot = "";
			targets = (
				A91B9ABC224BA40400538666 /* Life */,
			);
		};
/* End PBXProject section */

/* Begin PBXResourcesBuildPhase section */
		A91B9ABB224BA40400538666 /* Resources */ = {
			isa = PBXResourcesBuildPhase;
			buildActionMask = 2147483647;
			files = (
				A91B9ACD224BA40500538666 /* LaunchScreen.storyboard in Resources */,
				A99713F122511AA800848CD8 /* TabHeadView.xib in Resources */,
				A9666994224BAD9E00BEE0C8 /* Assets.xcassets in Resources */,
				A99713CF2250F6F500848CD8 /* Home.json in Resources */,
				A9F0097E224BCF180047CFFD /* MainVCSettings.json in Resources */,
				A99713E522510DA700848CD8 /* HomeCell.xib in Resources */,
				A91B9AC8224BA40400538666 /* Main.storyboard in Resources */,
			);
			runOnlyForDeploymentPostprocessing = 0;
		};
/* End PBXResourcesBuildPhase section */

/* Begin PBXShellScriptBuildPhase section */
		0C26775A574B1038407CEBCE /* [CP] Check Pods Manifest.lock */ = {
			isa = PBXShellScriptBuildPhase;
			buildActionMask = 2147483647;
			files = (
			);
			inputPaths = (
				"${PODS_PODFILE_DIR_PATH}/Podfile.lock",
				"${PODS_ROOT}/Manifest.lock",
			);
			name = "[CP] Check Pods Manifest.lock";
			outputPaths = (
				"$(DERIVED_FILE_DIR)/Pods-Life-checkManifestLockResult.txt",
			);
			runOnlyForDeploymentPostprocessing = 0;
			shellPath = /bin/sh;
			shellScript = "diff \"${PODS_PODFILE_DIR_PATH}/Podfile.lock\" \"${PODS_ROOT}/Manifest.lock\" > /dev/null\nif [ $? != 0 ] ; then\n    # print error to STDERR\n    echo \"error: The sandbox is not in sync with the Podfile.lock. Run 'pod install' or update your CocoaPods installation.\" >&2\n    exit 1\nfi\n# This output is used by Xcode 'outputs' to avoid re-running this script phase.\necho \"SUCCESS\" > \"${SCRIPT_OUTPUT_FILE_0}\"\n";
			showEnvVarsInLog = 0;
		};
		E7835E5C247D899856098DA5 /* [CP] Copy Pods Resources */ = {
			isa = PBXShellScriptBuildPhase;
			buildActionMask = 2147483647;
			files = (
			);
			inputPaths = (
				"${SRCROOT}/Pods/Target Support Files/Pods-Life/Pods-Life-resources.sh",
				"${PODS_ROOT}/IQKeyboardManager/IQKeyboardManager/Resources/IQKeyboardManager.bundle",
				"${PODS_ROOT}/MJRefresh/MJRefresh/MJRefresh.bundle",
			);
			name = "[CP] Copy Pods Resources";
			outputPaths = (
				"${TARGET_BUILD_DIR}/${UNLOCALIZED_RESOURCES_FOLDER_PATH}/IQKeyboardManager.bundle",
				"${TARGET_BUILD_DIR}/${UNLOCALIZED_RESOURCES_FOLDER_PATH}/MJRefresh.bundle",
			);
			runOnlyForDeploymentPostprocessing = 0;
			shellPath = /bin/sh;
			shellScript = "\"${SRCROOT}/Pods/Target Support Files/Pods-Life/Pods-Life-resources.sh\"\n";
			showEnvVarsInLog = 0;
		};
/* End PBXShellScriptBuildPhase section */

/* Begin PBXSourcesBuildPhase section */
		A91B9AB9224BA40400538666 /* Sources */ = {
			isa = PBXSourcesBuildPhase;
			buildActionMask = 2147483647;
			files = (
				A91B9B12224BA77100538666 /* UIBarButtonItem+HJExtension.m in Sources */,
				A91B9B0C224BA77100538666 /* UIViewController+MTAlertView.m in Sources */,
				A99713DD22510C4900848CD8 /* TableViewDelegate.m in Sources */,
				A99713E422510DA700848CD8 /* HomeCell.m in Sources */,
				A9F00987224BCF750047CFFD /* EssayController.m in Sources */,
				A9F009A0224BE3080047CFFD /* Stubs.m in Sources */,
				A9F00999224BD1BE0047CFFD /* VCModel.m in Sources */,
				A99713DB22510C4900848CD8 /* TableViewModel.m in Sources */,
				A99713DC22510C4900848CD8 /* TableViewDataSource.m in Sources */,
				A9F0098A224BCF8D0047CFFD /* MyController.m in Sources */,
				A99713E022510D1500848CD8 /* UIViewController+Extended.m in Sources */,
				A91B9B13224BA77100538666 /* MAITIANSessionManager.m in Sources */,
				A9F00994224BD1320047CFFD /* LifeNavController.m in Sources */,
				A91B9B0E224BA77100538666 /* UIColor+Hex.m in Sources */,
				A99713D222510C3B00848CD8 /* DataModel.m in Sources */,
				A91B9B10224BA77100538666 /* NSObject+MJParse.m in Sources */,
				A91B9AD0224BA40500538666 /* main.m in Sources */,
				A9F00991224BD1060047CFFD /* LifeTabBarController.m in Sources */,
				A9F00984224BCF640047CFFD /* DiscoveryController.m in Sources */,
				A91B9B0F224BA77100538666 /* UIButton+Category.m in Sources */,
				A9F0099C224BD23C0047CFFD /* LifeConst.m in Sources */,
				A91B9B14224BA77100538666 /* AppSetting.m in Sources */,
				A91B9B15224BA77100538666 /* AppDelegate.m in Sources */,
				A9F00981224BCF540047CFFD /* HomeController.m in Sources */,
				A99713EF22511A9700848CD8 /* TabHeadView.m in Sources */,
				A91B9B0B224BA77100538666 /* UIView+Extended.m in Sources */,
				A91B9B0D224BA77100538666 /* UITextView+Placeholder.m in Sources */,
				A91B9B11224BA77100538666 /* NSString+Category.m in Sources */,
			);
			runOnlyForDeploymentPostprocessing = 0;
		};
/* End PBXSourcesBuildPhase section */

/* Begin PBXVariantGroup section */
		A91B9AC6224BA40400538666 /* Main.storyboard */ = {
			isa = PBXVariantGroup;
			children = (
				A91B9AC7224BA40400538666 /* Base */,
			);
			name = Main.storyboard;
			sourceTree = "<group>";
		};
		A91B9ACB224BA40500538666 /* LaunchScreen.storyboard */ = {
			isa = PBXVariantGroup;
			children = (
				A91B9ACC224BA40500538666 /* Base */,
			);
			name = LaunchScreen.storyboard;
			sourceTree = "<group>";
		};
/* End PBXVariantGroup section */

/* Begin XCBuildConfiguration section */
		A91B9AD1224BA40500538666 /* Debug */ = {
			isa = XCBuildConfiguration;
			buildSettings = {
				ALWAYS_SEARCH_USER_PATHS = NO;
				CLANG_ANALYZER_NONNULL = YES;
				CLANG_ANALYZER_NUMBER_OBJECT_CONVERSION = YES_AGGRESSIVE;
				CLANG_CXX_LANGUAGE_STANDARD = "gnu++14";
				CLANG_CXX_LIBRARY = "libc++";
				CLANG_ENABLE_MODULES = YES;
				CLANG_ENABLE_OBJC_ARC = YES;
				CLANG_ENABLE_OBJC_WEAK = YES;
				CLANG_WARN_BLOCK_CAPTURE_AUTORELEASING = YES;
				CLANG_WARN_BOOL_CONVERSION = YES;
				CLANG_WARN_COMMA = YES;
				CLANG_WARN_CONSTANT_CONVERSION = YES;
				CLANG_WARN_DEPRECATED_OBJC_IMPLEMENTATIONS = YES;
				CLANG_WARN_DIRECT_OBJC_ISA_USAGE = YES_ERROR;
				CLANG_WARN_DOCUMENTATION_COMMENTS = YES;
				CLANG_WARN_EMPTY_BODY = YES;
				CLANG_WARN_ENUM_CONVERSION = YES;
				CLANG_WARN_INFINITE_RECURSION = YES;
				CLANG_WARN_INT_CONVERSION = YES;
				CLANG_WARN_NON_LITERAL_NULL_CONVERSION = YES;
				CLANG_WARN_OBJC_IMPLICIT_RETAIN_SELF = YES;
				CLANG_WARN_OBJC_LITERAL_CONVERSION = YES;
				CLANG_WARN_OBJC_ROOT_CLASS = YES_ERROR;
				CLANG_WARN_RANGE_LOOP_ANALYSIS = YES;
				CLANG_WARN_STRICT_PROTOTYPES = YES;
				CLANG_WARN_SUSPICIOUS_MOVE = YES;
				CLANG_WARN_UNGUARDED_AVAILABILITY = YES_AGGRESSIVE;
				CLANG_WARN_UNREACHABLE_CODE = YES;
				CLANG_WARN__DUPLICATE_METHOD_MATCH = YES;
				CODE_SIGN_IDENTITY = "iPhone Developer";
				COPY_PHASE_STRIP = NO;
				DEBUG_INFORMATION_FORMAT = dwarf;
				ENABLE_STRICT_OBJC_MSGSEND = YES;
				ENABLE_TESTABILITY = YES;
				GCC_C_LANGUAGE_STANDARD = gnu11;
				GCC_DYNAMIC_NO_PIC = NO;
				GCC_NO_COMMON_BLOCKS = YES;
				GCC_OPTIMIZATION_LEVEL = 0;
				GCC_PREPROCESSOR_DEFINITIONS = (
					"DEBUG=1",
					"$(inherited)",
				);
				GCC_WARN_64_TO_32_BIT_CONVERSION = YES;
				GCC_WARN_ABOUT_RETURN_TYPE = YES_ERROR;
				GCC_WARN_UNDECLARED_SELECTOR = YES;
				GCC_WARN_UNINITIALIZED_AUTOS = YES_AGGRESSIVE;
				GCC_WARN_UNUSED_FUNCTION = YES;
				GCC_WARN_UNUSED_VARIABLE = YES;
				IPHONEOS_DEPLOYMENT_TARGET = 12.1;
				MTL_ENABLE_DEBUG_INFO = INCLUDE_SOURCE;
				MTL_FAST_MATH = YES;
				ONLY_ACTIVE_ARCH = YES;
				SDKROOT = iphoneos;
			};
			name = Debug;
		};
		A91B9AD2224BA40500538666 /* Release */ = {
			isa = XCBuildConfiguration;
			buildSettings = {
				ALWAYS_SEARCH_USER_PATHS = NO;
				CLANG_ANALYZER_NONNULL = YES;
				CLANG_ANALYZER_NUMBER_OBJECT_CONVERSION = YES_AGGRESSIVE;
				CLANG_CXX_LANGUAGE_STANDARD = "gnu++14";
				CLANG_CXX_LIBRARY = "libc++";
				CLANG_ENABLE_MODULES = YES;
				CLANG_ENABLE_OBJC_ARC = YES;
				CLANG_ENABLE_OBJC_WEAK = YES;
				CLANG_WARN_BLOCK_CAPTURE_AUTORELEASING = YES;
				CLANG_WARN_BOOL_CONVERSION = YES;
				CLANG_WARN_COMMA = YES;
				CLANG_WARN_CONSTANT_CONVERSION = YES;
				CLANG_WARN_DEPRECATED_OBJC_IMPLEMENTATIONS = YES;
				CLANG_WARN_DIRECT_OBJC_ISA_USAGE = YES_ERROR;
				CLANG_WARN_DOCUMENTATION_COMMENTS = YES;
				CLANG_WARN_EMPTY_BODY = YES;
				CLANG_WARN_ENUM_CONVERSION = YES;
				CLANG_WARN_INFINITE_RECURSION = YES;
				CLANG_WARN_INT_CONVERSION = YES;
				CLANG_WARN_NON_LITERAL_NULL_CONVERSION = YES;
				CLANG_WARN_OBJC_IMPLICIT_RETAIN_SELF = YES;
				CLANG_WARN_OBJC_LITERAL_CONVERSION = YES;
				CLANG_WARN_OBJC_ROOT_CLASS = YES_ERROR;
				CLANG_WARN_RANGE_LOOP_ANALYSIS = YES;
				CLANG_WARN_STRICT_PROTOTYPES = YES;
				CLANG_WARN_SUSPICIOUS_MOVE = YES;
				CLANG_WARN_UNGUARDED_AVAILABILITY = YES_AGGRESSIVE;
				CLANG_WARN_UNREACHABLE_CODE = YES;
				CLANG_WARN__DUPLICATE_METHOD_MATCH = YES;
				CODE_SIGN_IDENTITY = "iPhone Developer";
				COPY_PHASE_STRIP = NO;
				DEBUG_INFORMATION_FORMAT = "dwarf-with-dsym";
				ENABLE_NS_ASSERTIONS = NO;
				ENABLE_STRICT_OBJC_MSGSEND = YES;
				GCC_C_LANGUAGE_STANDARD = gnu11;
				GCC_NO_COMMON_BLOCKS = YES;
				GCC_WARN_64_TO_32_BIT_CONVERSION = YES;
				GCC_WARN_ABOUT_RETURN_TYPE = YES_ERROR;
				GCC_WARN_UNDECLARED_SELECTOR = YES;
				GCC_WARN_UNINITIALIZED_AUTOS = YES_AGGRESSIVE;
				GCC_WARN_UNUSED_FUNCTION = YES;
				GCC_WARN_UNUSED_VARIABLE = YES;
				IPHONEOS_DEPLOYMENT_TARGET = 12.1;
				MTL_ENABLE_DEBUG_INFO = NO;
				MTL_FAST_MATH = YES;
				SDKROOT = iphoneos;
				VALIDATE_PRODUCT = YES;
			};
			name = Release;
		};
		A91B9AD4224BA40500538666 /* Debug */ = {
			isa = XCBuildConfiguration;
			baseConfigurationReference = 6EC34467FCC3AC6C5DC2C583 /* Pods-Life.debug.xcconfig */;
			buildSettings = {
				ASSETCATALOG_COMPILER_APPICON_NAME = AppIcon;
				CODE_SIGN_STYLE = Automatic;
				ENABLE_STRICT_OBJC_MSGSEND = NO;
				GCC_PREFIX_HEADER = Life/Classes/Other/AppConfig/PrefixHeader.pch;
				INFOPLIST_FILE = "Life/Supporting Files/Info.plist";
				IPHONEOS_DEPLOYMENT_TARGET = 9.0;
				LD_RUNPATH_SEARCH_PATHS = (
					"$(inherited)",
					"@executable_path/Frameworks",
				);
				PRODUCT_BUNDLE_IDENTIFIER = life.app.com.Llife;
				PRODUCT_NAME = "$(TARGET_NAME)";
				TARGETED_DEVICE_FAMILY = "1,2";
			};
			name = Debug;
		};
		A91B9AD5224BA40500538666 /* Release */ = {
			isa = XCBuildConfiguration;
			baseConfigurationReference = 703AAC5B52A163DBF85111FA /* Pods-Life.release.xcconfig */;
			buildSettings = {
				ASSETCATALOG_COMPILER_APPICON_NAME = AppIcon;
				CODE_SIGN_STYLE = Automatic;
				ENABLE_STRICT_OBJC_MSGSEND = NO;
				GCC_PREFIX_HEADER = Life/Classes/Other/AppConfig/PrefixHeader.pch;
				INFOPLIST_FILE = "Life/Supporting Files/Info.plist";
				IPHONEOS_DEPLOYMENT_TARGET = 9.0;
				LD_RUNPATH_SEARCH_PATHS = (
					"$(inherited)",
					"@executable_path/Frameworks",
				);
				PRODUCT_BUNDLE_IDENTIFIER = life.app.com.Llife;
				PRODUCT_NAME = "$(TARGET_NAME)";
				TARGETED_DEVICE_FAMILY = "1,2";
			};
			name = Release;
		};
/* End XCBuildConfiguration section */

/* Begin XCConfigurationList section */
		A91B9AB8224BA40400538666 /* Build configuration list for PBXProject "Life" */ = {
			isa = XCConfigurationList;
			buildConfigurations = (
				A91B9AD1224BA40500538666 /* Debug */,
				A91B9AD2224BA40500538666 /* Release */,
			);
			defaultConfigurationIsVisible = 0;
			defaultConfigurationName = Release;
		};
		A91B9AD3224BA40500538666 /* Build configuration list for PBXNativeTarget "Life" */ = {
			isa = XCConfigurationList;
			buildConfigurations = (
				A91B9AD4224BA40500538666 /* Debug */,
				A91B9AD5224BA40500538666 /* Release */,
			);
			defaultConfigurationIsVisible = 0;
			defaultConfigurationName = Release;
		};
/* End XCConfigurationList section */
	};
	rootObject = A91B9AB5224BA40400538666 /* Project object */;
}
